
Microsoft Visual Studio Solution File, Format Version 12.00
# Visual Studio Version 17
VisualStudioVersion = 17.8.34330.188
MinimumVisualStudioVersion = 10.0.40219.1
Project("{FAE04EC0-301F-11D3-BF4B-00C04F79EFBC}") = "ProductionOrder", "ProductionOder\ProductionOrder.csproj", "{4A903822-A8E1-4341-9192-4AF2C979BBFB}"
EndProject
Global
	GlobalSection(SolutionConfigurationPlatforms) = preSolution
		Debug|Any CPU = Debug|Any CPU
		Release|Any CPU = Release|Any CPU
	EndGlobalSection
	GlobalSection(ProjectConfigurationPlatforms) = postSolution
		{4A903822-A8E1-4341-9192-4AF2C979BBFB}.Debug|Any CPU.ActiveCfg = Debug|Any CPU
		{4A903822-A8E1-4341-9192-4AF2C979BBFB}.Debug|Any CPU.Build.0 = Debug|Any CPU
		{4A903822-A8E1-4341-9192-4AF2C979BBFB}.Release|Any CPU.ActiveCfg = Release|Any CPU
		{4A903822-A8E1-4341-9192-4AF2C979BBFB}.Release|Any CPU.Build.0 = Release|Any CPU
	EndGlobalSection
	GlobalSection(SolutionProperties) = preSolution
		HideSolutionNode = FALSE
	EndGlobalSection
	GlobalSection(ExtensibilityGlobals) = postSolution
		SolutionGuid = {157EC698-C10F-42AD-94CE-8F980DB301F9}
	EndGlobalSection
EndGlobal
